{
	"name": "@walletconnect/client",
	"version": "2.0.0-alpha.0",
	"lockfileVersion": 1,
	"requires": true,
	"dependencies": {
		"pino": {
			"version": "6.7.0",
			"resolved": "https://registry.npmjs.org/pino/-/pino-6.7.0.tgz",
			"integrity": "sha512-vPXJ4P9rWCwzlTJt+f0Ni4THc3DWyt8iDDCO4edQ8narTu6hnpzdXu8FqeSJCGndl1W6lfbYQUQihUO54y66Lw==",
			"requires": {
				"fast-redact": "^3.0.0",
				"fast-safe-stringify": "^2.0.7",
				"flatstr": "^1.0.12",
				"pino-std-serializers": "^2.4.2",
				"quick-format-unescaped": "^4.0.1",
				"sonic-boom": "^1.0.2"
			},
			"dependencies": {
				"atomic-sleep": {
					"version": "1.0.0",
					"resolved": "https://registry.npmjs.org/atomic-sleep/-/atomic-sleep-1.0.0.tgz",
					"integrity": "sha512-kNOjDqAh7px0XWNI+4QbzoiR/nTkHAWNud2uvnJquD1/x5a7EQZMJT0AczqK0Qn67oY/TTQ1LbUKajZpp3I9tQ=="
				},
				"fast-redact": {
					"version": "3.0.0",
					"resolved": "https://registry.npmjs.org/fast-redact/-/fast-redact-3.0.0.tgz",
					"integrity": "sha512-a/S/Hp6aoIjx7EmugtzLqXmcNsyFszqbt6qQ99BdG61QjBZF6shNis0BYR6TsZOQ1twYc0FN2Xdhwwbv6+KD0w=="
				},
				"fast-safe-stringify": {
					"version": "2.0.7",
					"resolved": "https://registry.npmjs.org/fast-safe-stringify/-/fast-safe-stringify-2.0.7.tgz",
					"integrity": "sha512-Utm6CdzT+6xsDk2m8S6uL8VHxNwI6Jub+e9NYTcAms28T84pTa25GJQV9j0CY0N1rM8hK4x6grpF2BQf+2qwVA=="
				},
				"flatstr": {
					"version": "1.0.12",
					"resolved": "https://registry.npmjs.org/flatstr/-/flatstr-1.0.12.tgz",
					"integrity": "sha512-4zPxDyhCyiN2wIAtSLI6gc82/EjqZc1onI4Mz/l0pWrAlsSfYH/2ZIcU+e3oA2wDwbzIWNKwa23F8rh6+DRWkw=="
				},
				"pino-std-serializers": {
					"version": "2.5.0",
					"resolved": "https://registry.npmjs.org/pino-std-serializers/-/pino-std-serializers-2.5.0.tgz",
					"integrity": "sha512-wXqbqSrIhE58TdrxxlfLwU9eDhrzppQDvGhBEr1gYbzzM4KKo3Y63gSjiDXRKLVS2UOXdPNR2v+KnQgNrs+xUg=="
				},
				"quick-format-unescaped": {
					"version": "4.0.1",
					"resolved": "https://registry.npmjs.org/quick-format-unescaped/-/quick-format-unescaped-4.0.1.tgz",
					"integrity": "sha512-RyYpQ6Q5/drsJyOhrWHYMWTedvjTIat+FTwv0K4yoUxzvekw2aRHMQJLlnvt8UantkZg2++bEzD9EdxXqkWf4A=="
				},
				"sonic-boom": {
					"version": "1.3.0",
					"resolved": "https://registry.npmjs.org/sonic-boom/-/sonic-boom-1.3.0.tgz",
					"integrity": "sha512-4nX6OYvOYr6R76xfQKi6cZpTO3YSWe/vd+QdIfoH0lBy0MnPkeAbb2rRWgmgADkXUeCKPwO1FZAKlAVWAadELw==",
					"requires": {
						"atomic-sleep": "^1.0.0",
						"flatstr": "^1.0.12"
					}
				}
			}
		}
	}
}
