{
  "name": "@walletconnect/health-check-cli",
  "version": "0.0.1",
  "lockfileVersion": 1,
  "requires": true,
  "dependencies": {
    "@ethersproject/address": {
      "version": "5.0.0-beta.134",
      "resolved": "https://registry.npmjs.org/@ethersproject/address/-/address-5.0.0-beta.134.tgz",
      "integrity": "sha512-FHhUVJTUIg2pXvOOhIt8sB1cQbcwrzZKzf9CPV7JM1auli20nGoYhyMFYGK7u++GXzTMJduIkU1OwlIBupewDw==",
      "dev": true,
      "requires": {
        "@ethersproject/bignumber": ">=5.0.0-beta.130",
        "@ethersproject/bytes": ">=5.0.0-beta.129",
        "@ethersproject/keccak256": ">=5.0.0-beta.127",
        "@ethersproject/logger": ">=5.0.0-beta.129",
        "@ethersproject/rlp": ">=5.0.0-beta.126",
        "bn.js": "^4.4.0"
      }
    },
    "@ethersproject/bignumber": {
      "version": "5.0.0-beta.139",
      "resolved": "https://registry.npmjs.org/@ethersproject/bignumber/-/bignumber-5.0.0-beta.139.tgz",
      "integrity": "sha512-h1C1okCmPK3UVWwMGUbuCZykplJmD/TdknPQQHJWL/chK5MqBhyQ5o1Cay7mHXKCBnjWrR9BtwjfkAh76pYtFA==",
      "dev": true,
      "requires": {
        "@ethersproject/bytes": ">=5.0.0-beta.137",
        "@ethersproject/logger": ">=5.0.0-beta.137",
        "@ethersproject/properties": ">=5.0.0-beta.140",
        "bn.js": "^4.4.0"
      },
      "dependencies": {
        "@ethersproject/bytes": {
          "version": "5.0.0-beta.138",
          "resolved": "https://registry.npmjs.org/@ethersproject/bytes/-/bytes-5.0.0-beta.138.tgz",
          "integrity": "sha512-q4vaIthv89RJQ0V6gdzh1xuluJE1uYbnfzBUYTegicaXX6jRTCjDDhyiQhyEnNi7pKrGtuOrR3v3+7WtAR8Imw==",
          "dev": true,
          "requires": {
            "@ethersproject/logger": ">=5.0.0-beta.137"
          }
        }
      }
    },
    "@ethersproject/bytes": {
      "version": "5.0.0-beta.136",
      "resolved": "https://registry.npmjs.org/@ethersproject/bytes/-/bytes-5.0.0-beta.136.tgz",
      "integrity": "sha512-yoi5Ul16ScMHVNsf+oCDGaAnj+rtXxITcneXPeDl8h0rk1VNIqb1WKKvooD5WtM0oAglyauuDahHIF+4+5G/Sg==",
      "dev": true,
      "requires": {
        "@ethersproject/logger": ">=5.0.0-beta.129"
      }
    },
    "@ethersproject/constants": {
      "version": "5.0.0-beta.134",
      "resolved": "https://registry.npmjs.org/@ethersproject/constants/-/constants-5.0.0-beta.134.tgz",
      "integrity": "sha512-tKKL7F3ozL+XgZ4+McNmp12rnPxKf+InKr36asVVAiVLa0WxnNsO9m/+0LkW5dMFbqn2i2VJtBwKfl1OE6GInA==",
      "dev": true,
      "requires": {
        "@ethersproject/bignumber": ">=5.0.0-beta.138"
      }
    },
    "@ethersproject/keccak256": {
      "version": "5.0.0-beta.132",
      "resolved": "https://registry.npmjs.org/@ethersproject/keccak256/-/keccak256-5.0.0-beta.132.tgz",
      "integrity": "sha512-YpkwYGV4nu1QM7Q+mhYKO1bCk/sbiV7AAU/HnHwZhDiwJZSDRwfjiFkAJQpvTbsAR02Ek9LhFEBg4OfLTEhJLg==",
      "dev": true,
      "requires": {
        "@ethersproject/bytes": ">=5.0.0-beta.137",
        "js-sha3": "0.5.7"
      },
      "dependencies": {
        "@ethersproject/bytes": {
          "version": "5.0.0-beta.138",
          "resolved": "https://registry.npmjs.org/@ethersproject/bytes/-/bytes-5.0.0-beta.138.tgz",
          "integrity": "sha512-q4vaIthv89RJQ0V6gdzh1xuluJE1uYbnfzBUYTegicaXX6jRTCjDDhyiQhyEnNi7pKrGtuOrR3v3+7WtAR8Imw==",
          "dev": true,
          "requires": {
            "@ethersproject/logger": ">=5.0.0-beta.137"
          }
        }
      }
    },
    "@ethersproject/logger": {
      "version": "5.0.0-beta.137",
      "resolved": "https://registry.npmjs.org/@ethersproject/logger/-/logger-5.0.0-beta.137.tgz",
      "integrity": "sha512-H36iMhWOY+tco1+o2NZUdQT8Gc6Y9795RSPgvluatvjvyt3X6mHtWXes4F8Rc5N/95px++a/ODYVSkSmlr68+A==",
      "dev": true
    },
    "@ethersproject/properties": {
      "version": "5.0.0-beta.141",
      "resolved": "https://registry.npmjs.org/@ethersproject/properties/-/properties-5.0.0-beta.141.tgz",
      "integrity": "sha512-jWHVLlH8tmdMw6L9USaidZsiY/IOV4Br01PKM711oDZ8McBXrbW1FzcgpuzV91SNNMYek9kvrJJzAOPL2vANTQ==",
      "dev": true,
      "requires": {
        "@ethersproject/logger": ">=5.0.0-beta.137"
      }
    },
    "@ethersproject/rlp": {
      "version": "5.0.0-beta.133",
      "resolved": "https://registry.npmjs.org/@ethersproject/rlp/-/rlp-5.0.0-beta.133.tgz",
      "integrity": "sha512-4zwGZov221uYuz6oXqAf2i5dk3ven7mSNkPRYvS2xdAlUn1Qy8GFUswyRuLaGzpWUGNlKIWCEnvomP5L/CtMPQ==",
      "dev": true,
      "requires": {
        "@ethersproject/bytes": ">=5.0.0-beta.137",
        "@ethersproject/logger": ">=5.0.0-beta.137"
      },
      "dependencies": {
        "@ethersproject/bytes": {
          "version": "5.0.0-beta.138",
          "resolved": "https://registry.npmjs.org/@ethersproject/bytes/-/bytes-5.0.0-beta.138.tgz",
          "integrity": "sha512-q4vaIthv89RJQ0V6gdzh1xuluJE1uYbnfzBUYTegicaXX6jRTCjDDhyiQhyEnNi7pKrGtuOrR3v3+7WtAR8Imw==",
          "dev": true,
          "requires": {
            "@ethersproject/logger": ">=5.0.0-beta.137"
          }
        }
      }
    },
    "@ethersproject/strings": {
      "version": "5.0.0-beta.136",
      "resolved": "https://registry.npmjs.org/@ethersproject/strings/-/strings-5.0.0-beta.136.tgz",
      "integrity": "sha512-Hb9RvTrgGcOavHvtQZz+AuijB79BO3g1cfF2MeMfCU9ID4j3mbZv/olzDMS2pK9r4aERJpAS94AmlWzCgoY2LQ==",
      "dev": true,
      "requires": {
        "@ethersproject/bytes": ">=5.0.0-beta.129",
        "@ethersproject/constants": ">=5.0.0-beta.128",
        "@ethersproject/logger": ">=5.0.0-beta.129"
      }
    },
    "@walletconnect/browser": {
      "version": "1.0.0-beta.47",
      "resolved": "https://registry.npmjs.org/@walletconnect/browser/-/browser-1.0.0-beta.47.tgz",
      "integrity": "sha512-FFT6zqdMIGjjWIFjRY1p/RPeUs5F21YzhrbsSemLyxlRumyQQ3Wotnq8mAKRWPHSzgXkg/GxbTAzIkxciMeuUg==",
      "dev": true,
      "requires": {
        "@walletconnect/core": "^1.0.0-beta.47",
        "@walletconnect/types": "^1.0.0-beta.47",
        "@walletconnect/utils": "^1.0.0-beta.47"
      }
    },
    "@walletconnect/core": {
      "version": "1.0.0-beta.47",
      "resolved": "https://registry.npmjs.org/@walletconnect/core/-/core-1.0.0-beta.47.tgz",
      "integrity": "sha512-PdwW9E6kjFnNt11GO2W9gHQY2EIPLYT7qTxN9ZPl1F38v5cWzZBpDQAPQ1QlcJ2kHpZ6V6QDDc/0heEaR//z0Q==",
      "dev": true,
      "requires": {
        "@walletconnect/types": "^1.0.0-beta.47",
        "@walletconnect/utils": "^1.0.0-beta.47"
      }
    },
    "@walletconnect/types": {
      "version": "1.0.0-beta.47",
      "resolved": "https://registry.npmjs.org/@walletconnect/types/-/types-1.0.0-beta.47.tgz",
      "integrity": "sha512-lxjBiNLLDOsyEaoB1nlBDrgznV0477udMfN4zvEuv+bNL+dxH27yQI1mM1VqIKIhrEaibjswLJGaweEMzgynoQ==",
      "dev": true
    },
    "@walletconnect/utils": {
      "version": "1.0.0-beta.47",
      "resolved": "https://registry.npmjs.org/@walletconnect/utils/-/utils-1.0.0-beta.47.tgz",
      "integrity": "sha512-il8QKvf8AaYpW8xC9mjXBiOH8CkCeV5W7CZAIfVxuJ46WV4XyIAxhEKvF8zGWGKRjz4LjFj3r3l1nyrxeIkrMA==",
      "dev": true,
      "requires": {
        "@ethersproject/address": "5.0.0-beta.134",
        "@ethersproject/bytes": "5.0.0-beta.136",
        "@ethersproject/strings": "5.0.0-beta.136",
        "@walletconnect/types": "^1.0.0-beta.47",
        "bignumber.js": "9.0.0"
      }
    },
    "ansi-regex": {
      "version": "2.1.1",
      "resolved": "https://registry.npmjs.org/ansi-regex/-/ansi-regex-2.1.1.tgz",
      "integrity": "sha1-w7M6te42DYbg5ijwRorn7yfWVN8=",
      "dev": true
    },
    "ansi-styles": {
      "version": "2.2.1",
      "resolved": "https://registry.npmjs.org/ansi-styles/-/ansi-styles-2.2.1.tgz",
      "integrity": "sha1-tDLdM1i2NM914eRmQ2gkBTPB3b4=",
      "dev": true
    },
    "argparse": {
      "version": "1.0.10",
      "resolved": "https://registry.npmjs.org/argparse/-/argparse-1.0.10.tgz",
      "integrity": "sha512-o5Roy6tNG4SL/FOkCAN6RzjiakZS25RLYFrcMttJqbdd8BWrnA+fGz57iN5Pb06pvBGvl5gQ0B48dJlslXvoTg==",
      "dev": true,
      "requires": {
        "sprintf-js": "~1.0.2"
      }
    },
    "babel-code-frame": {
      "version": "6.26.0",
      "resolved": "https://registry.npmjs.org/babel-code-frame/-/babel-code-frame-6.26.0.tgz",
      "integrity": "sha1-Y/1D99weO7fONZR9uP42mj9Yx0s=",
      "dev": true,
      "requires": {
        "chalk": "^1.1.3",
        "esutils": "^2.0.2",
        "js-tokens": "^3.0.2"
      },
      "dependencies": {
        "chalk": {
          "version": "1.1.3",
          "resolved": "https://registry.npmjs.org/chalk/-/chalk-1.1.3.tgz",
          "integrity": "sha1-qBFcVeSnAv5NFQq9OHKCKn4J/Jg=",
          "dev": true,
          "requires": {
            "ansi-styles": "^2.2.1",
            "escape-string-regexp": "^1.0.2",
            "has-ansi": "^2.0.0",
            "strip-ansi": "^3.0.0",
            "supports-color": "^2.0.0"
          }
        }
      }
    },
    "balanced-match": {
      "version": "1.0.0",
      "resolved": "https://registry.npmjs.org/balanced-match/-/balanced-match-1.0.0.tgz",
      "integrity": "sha1-ibTRmasr7kneFk6gK4nORi1xt2c=",
      "dev": true
    },
    "bignumber.js": {
      "version": "9.0.0",
      "resolved": "https://registry.npmjs.org/bignumber.js/-/bignumber.js-9.0.0.tgz",
      "integrity": "sha512-t/OYhhJ2SD+YGBQcjY8GzzDHEk9f3nerxjtfa6tlMXfe7frs/WozhvCNoGvpM0P3bNf3Gq5ZRMlGr5f3r4/N8A==",
      "dev": true
    },
    "bn.js": {
      "version": "4.11.8",
      "resolved": "https://registry.npmjs.org/bn.js/-/bn.js-4.11.8.tgz",
      "integrity": "sha512-ItfYfPLkWHUjckQCk8xC+LwxgK8NYcXywGigJgSwOP8Y2iyWT4f2vsZnoOXTTbo+o5yXmIUJ4gn5538SO5S3gA==",
      "dev": true
    },
    "brace-expansion": {
      "version": "1.1.11",
      "resolved": "https://registry.npmjs.org/brace-expansion/-/brace-expansion-1.1.11.tgz",
      "integrity": "sha512-iCuPHDFgrHX7H2vEI/5xpz07zSHB00TpugqhmYtVmMO6518mCuRMoOYFldEBl0g187ufozdaHgWKcYFb61qGiA==",
      "dev": true,
      "requires": {
        "balanced-match": "^1.0.0",
        "concat-map": "0.0.1"
      }
    },
    "builtin-modules": {
      "version": "1.1.1",
      "resolved": "https://registry.npmjs.org/builtin-modules/-/builtin-modules-1.1.1.tgz",
      "integrity": "sha1-Jw8HbFpywC9bZaR9+Uxf46J4iS8=",
      "dev": true
    },
    "chalk": {
      "version": "2.4.2",
      "resolved": "https://registry.npmjs.org/chalk/-/chalk-2.4.2.tgz",
      "integrity": "sha512-Mti+f9lpJNcwF4tWV8/OrTTtF1gZi+f8FqlyAdouralcFWFQWF2+NgCHShjkCb+IFBLq9buZwE1xckQU4peSuQ==",
      "dev": true,
      "requires": {
        "ansi-styles": "^3.2.1",
        "escape-string-regexp": "^1.0.5",
        "supports-color": "^5.3.0"
      },
      "dependencies": {
        "ansi-styles": {
          "version": "3.2.1",
          "resolved": "https://registry.npmjs.org/ansi-styles/-/ansi-styles-3.2.1.tgz",
          "integrity": "sha512-VT0ZI6kZRdTh8YyJw3SMbYm/u+NqfsAxEpWO0Pf9sq8/e94WxxOpPKx9FR1FlyCtOVDNOQ+8ntlqFxiRc+r5qA==",
          "dev": true,
          "requires": {
            "color-convert": "^1.9.0"
          }
        },
        "supports-color": {
          "version": "5.5.0",
          "resolved": "https://registry.npmjs.org/supports-color/-/supports-color-5.5.0.tgz",
          "integrity": "sha512-QjVjwdXIt408MIiAqCX4oUKsgU2EqAGzs2Ppkm4aQYbjm+ZEWEcW4SfFNTr4uMNZma0ey4f5lgLrkB0aX0QMow==",
          "dev": true,
          "requires": {
            "has-flag": "^3.0.0"
          }
        }
      }
    },
    "color-convert": {
      "version": "1.9.3",
      "resolved": "https://registry.npmjs.org/color-convert/-/color-convert-1.9.3.tgz",
      "integrity": "sha512-QfAUtd+vFdAtFQcC8CCyYt1fYWxSqAiK2cSD6zDB8N3cpsEBAvRxp9zOGg6G/SHHJYAT88/az/IuDGALsNVbGg==",
      "dev": true,
      "requires": {
        "color-name": "1.1.3"
      }
    },
    "color-name": {
      "version": "1.1.3",
      "resolved": "https://registry.npmjs.org/color-name/-/color-name-1.1.3.tgz",
      "integrity": "sha1-p9BVi9icQveV3UIyj3QIMcpTvCU=",
      "dev": true
    },
    "commander": {
      "version": "2.20.3",
      "resolved": "https://registry.npmjs.org/commander/-/commander-2.20.3.tgz",
      "integrity": "sha512-GpVkmM8vF2vQUkj2LvZmD35JxeJOLCwJ9cUkugyk2nuhbv3+mJvpLYYt+0+USMxE+oj+ey/lJEnhZw75x/OMcQ==",
      "dev": true
    },
    "concat-map": {
      "version": "0.0.1",
      "resolved": "https://registry.npmjs.org/concat-map/-/concat-map-0.0.1.tgz",
      "integrity": "sha1-2Klr13/Wjfd5OnMDajug1UBdR3s=",
      "dev": true
    },
    "diff": {
      "version": "3.5.0",
      "resolved": "https://registry.npmjs.org/diff/-/diff-3.5.0.tgz",
      "integrity": "sha512-A46qtFgd+g7pDZinpnwiRJtxbC1hpgf0uzP3iG89scHk0AUC7A1TGxf5OiiOUv/JMZR8GOt8hL900hV0bOy5xA==",
      "dev": true
    },
    "escape-string-regexp": {
      "version": "1.0.5",
      "resolved": "https://registry.npmjs.org/escape-string-regexp/-/escape-string-regexp-1.0.5.tgz",
      "integrity": "sha1-G2HAViGQqN/2rjuyzwIAyhMLhtQ=",
      "dev": true
    },
    "esprima": {
      "version": "4.0.1",
      "resolved": "https://registry.npmjs.org/esprima/-/esprima-4.0.1.tgz",
      "integrity": "sha512-eGuFFw7Upda+g4p+QHvnW0RyTX/SVeJBDM/gCtMARO0cLuT2HcEKnTPvhjV6aGeqrCB/sbNop0Kszm0jsaWU4A==",
      "dev": true
    },
    "esutils": {
      "version": "2.0.3",
      "resolved": "https://registry.npmjs.org/esutils/-/esutils-2.0.3.tgz",
      "integrity": "sha512-kVscqXk4OCp68SZ0dkgEKVi6/8ij300KBWTJq32P/dYeWTSwK41WyTxalN1eRmA5Z9UU/LX9D7FWSmV9SAYx6g==",
      "dev": true
    },
    "fs.realpath": {
      "version": "1.0.0",
      "resolved": "https://registry.npmjs.org/fs.realpath/-/fs.realpath-1.0.0.tgz",
      "integrity": "sha1-FQStJSMVjKpA20onh8sBQRmU6k8=",
      "dev": true
    },
    "glob": {
      "version": "7.1.6",
      "resolved": "https://registry.npmjs.org/glob/-/glob-7.1.6.tgz",
      "integrity": "sha512-LwaxwyZ72Lk7vZINtNNrywX0ZuLyStrdDtabefZKAY5ZGJhVtgdznluResxNmPitE0SAO+O26sWTHeKSI2wMBA==",
      "dev": true,
      "requires": {
        "fs.realpath": "^1.0.0",
        "inflight": "^1.0.4",
        "inherits": "2",
        "minimatch": "^3.0.4",
        "once": "^1.3.0",
        "path-is-absolute": "^1.0.0"
      }
    },
    "has-ansi": {
      "version": "2.0.0",
      "resolved": "https://registry.npmjs.org/has-ansi/-/has-ansi-2.0.0.tgz",
      "integrity": "sha1-NPUEnOHs3ysGSa8+8k5F7TVBbZE=",
      "dev": true,
      "requires": {
        "ansi-regex": "^2.0.0"
      }
    },
    "has-flag": {
      "version": "3.0.0",
      "resolved": "https://registry.npmjs.org/has-flag/-/has-flag-3.0.0.tgz",
      "integrity": "sha1-tdRU3CGZriJWmfNGfloH87lVuv0=",
      "dev": true
    },
    "inflight": {
      "version": "1.0.6",
      "resolved": "https://registry.npmjs.org/inflight/-/inflight-1.0.6.tgz",
      "integrity": "sha1-Sb1jMdfQLQwJvJEKEHW6gWW1bfk=",
      "dev": true,
      "requires": {
        "once": "^1.3.0",
        "wrappy": "1"
      }
    },
    "inherits": {
      "version": "2.0.4",
      "resolved": "https://registry.npmjs.org/inherits/-/inherits-2.0.4.tgz",
      "integrity": "sha512-k/vGaX4/Yla3WzyMCvTQOXYeIHvqOKtnqBduzTHpzpQZzAskKMhZ2K+EnBiSM9zGSoIFeMpXKxa4dYeZIQqewQ==",
      "dev": true
    },
    "js-sha3": {
      "version": "0.5.7",
      "resolved": "https://registry.npmjs.org/js-sha3/-/js-sha3-0.5.7.tgz",
      "integrity": "sha1-DU/9gALVMzqrr0oj7tL2N0yfKOc=",
      "dev": true
    },
    "js-tokens": {
      "version": "3.0.2",
      "resolved": "https://registry.npmjs.org/js-tokens/-/js-tokens-3.0.2.tgz",
      "integrity": "sha1-mGbfOVECEw449/mWvOtlRDIJwls=",
      "dev": true
    },
    "js-yaml": {
      "version": "3.13.1",
      "resolved": "https://registry.npmjs.org/js-yaml/-/js-yaml-3.13.1.tgz",
      "integrity": "sha512-YfbcO7jXDdyj0DGxYVSlSeQNHbD7XPWvrVWeVUujrQEoZzWJIRrCPoyk6kL6IAjAG2IolMK4T0hNUe0HOUs5Jw==",
      "dev": true,
      "requires": {
        "argparse": "^1.0.7",
        "esprima": "^4.0.0"
      }
    },
    "minimatch": {
      "version": "3.0.4",
      "resolved": "https://registry.npmjs.org/minimatch/-/minimatch-3.0.4.tgz",
      "integrity": "sha512-yJHVQEhyqPLUTgt9B83PXu6W3rx4MvvHvSUvToogpwoGDOUQ+yDrR0HRot+yOCdCO7u4hX3pWft6kWBBcqh0UA==",
      "dev": true,
      "requires": {
        "brace-expansion": "^1.1.7"
      }
    },
    "once": {
      "version": "1.4.0",
      "resolved": "https://registry.npmjs.org/once/-/once-1.4.0.tgz",
      "integrity": "sha1-WDsap3WWHUsROsF9nFC6753Xa9E=",
      "dev": true,
      "requires": {
        "wrappy": "1"
      }
    },
    "path-is-absolute": {
      "version": "1.0.1",
      "resolved": "https://registry.npmjs.org/path-is-absolute/-/path-is-absolute-1.0.1.tgz",
      "integrity": "sha1-F0uSaHNVNP+8es5r9TpanhtcX18=",
      "dev": true
    },
    "path-parse": {
      "version": "1.0.6",
      "resolved": "https://registry.npmjs.org/path-parse/-/path-parse-1.0.6.tgz",
      "integrity": "sha512-GSmOT2EbHrINBf9SR7CDELwlJ8AENk3Qn7OikK4nFYAu3Ote2+JYNVvkpAEQm3/TLNEJFD/xZJjzyxg3KBWOzw==",
      "dev": true
    },
    "resolve": {
      "version": "1.17.0",
      "resolved": "https://registry.npmjs.org/resolve/-/resolve-1.17.0.tgz",
      "integrity": "sha512-ic+7JYiV8Vi2yzQGFWOkiZD5Z9z7O2Zhm9XMaTxdJExKasieFCr+yXZ/WmXsckHiKl12ar0y6XiXDx3m4RHn1w==",
      "dev": true,
      "requires": {
        "path-parse": "^1.0.6"
      }
    },
    "semver": {
      "version": "5.7.1",
      "resolved": "https://registry.npmjs.org/semver/-/semver-5.7.1.tgz",
      "integrity": "sha512-sauaDf/PZdVgrLTNYHRtpXa1iRiKcaebiKQ1BJdpQlWH2lCvexQdX55snPFyK7QzpudqbCI0qXFfOasHdyNDGQ==",
      "dev": true
    },
    "sprintf-js": {
      "version": "1.0.3",
      "resolved": "https://registry.npmjs.org/sprintf-js/-/sprintf-js-1.0.3.tgz",
      "integrity": "sha1-BOaSb2YolTVPPdAVIDYzuFcpfiw=",
      "dev": true
    },
    "strip-ansi": {
      "version": "3.0.1",
      "resolved": "https://registry.npmjs.org/strip-ansi/-/strip-ansi-3.0.1.tgz",
      "integrity": "sha1-ajhfuIU9lS1f8F0Oiq+UJ43GPc8=",
      "dev": true,
      "requires": {
        "ansi-regex": "^2.0.0"
      }
    },
    "supports-color": {
      "version": "2.0.0",
      "resolved": "https://registry.npmjs.org/supports-color/-/supports-color-2.0.0.tgz",
      "integrity": "sha1-U10EXOa2Nj+kARcIRimZXp3zJMc=",
      "dev": true
    },
    "tslib": {
      "version": "1.11.2",
      "resolved": "https://registry.npmjs.org/tslib/-/tslib-1.11.2.tgz",
      "integrity": "sha512-tTSkux6IGPnUGUd1XAZHcpu85MOkIl5zX49pO+jfsie3eP0B6pyhOlLXm3cAC6T7s+euSDDUUV+Acop5WmtkVg==",
      "dev": true
    },
    "tslint": {
      "version": "5.12.1",
      "resolved": "https://registry.npmjs.org/tslint/-/tslint-5.12.1.tgz",
      "integrity": "sha512-sfodBHOucFg6egff8d1BvuofoOQ/nOeYNfbp7LDlKBcLNrL3lmS5zoiDGyOMdT7YsEXAwWpTdAHwOGOc8eRZAw==",
      "dev": true,
      "requires": {
        "babel-code-frame": "^6.22.0",
        "builtin-modules": "^1.1.1",
        "chalk": "^2.3.0",
        "commander": "^2.12.1",
        "diff": "^3.2.0",
        "glob": "^7.1.1",
        "js-yaml": "^3.7.0",
        "minimatch": "^3.0.4",
        "resolve": "^1.3.2",
        "semver": "^5.3.0",
        "tslib": "^1.8.0",
        "tsutils": "^2.27.2"
      }
    },
    "tsutils": {
      "version": "2.29.0",
      "resolved": "https://registry.npmjs.org/tsutils/-/tsutils-2.29.0.tgz",
      "integrity": "sha512-g5JVHCIJwzfISaXpXE1qvNalca5Jwob6FjI4AoPlqMusJ6ftFE7IkkFoMhVLRgK+4Kx3gkzb8UZK5t5yTTvEmA==",
      "dev": true,
      "requires": {
        "tslib": "^1.8.1"
      }
    },
    "typescript": {
      "version": "3.3.3",
      "resolved": "https://registry.npmjs.org/typescript/-/typescript-3.3.3.tgz",
      "integrity": "sha512-Y21Xqe54TBVp+VDSNbuDYdGw0BpoR/Q6wo/+35M8PAU0vipahnyduJWirxxdxjsAkS7hue53x2zp8gz7F05u0A==",
      "dev": true
    },
    "wrappy": {
      "version": "1.0.2",
      "resolved": "https://registry.npmjs.org/wrappy/-/wrappy-1.0.2.tgz",
      "integrity": "sha1-tSQ9jz7BqjXxNkYFvA0QNuMKtp8=",
      "dev": true
    }
  }
}
