{
  "name": "@walletconnect/signer-connection",
  "version": "1.8.0",
  "lockfileVersion": 2,
  "requires": true,
  "packages": {
    "": {
      "name": "@walletconnect/signer-connection",
      "version": "1.4.2-rc.0",
      "license": "Apache-2.0",
      "dependencies": {
        "@json-rpc-tools/utils": "^1.7.1"
      }
    },
    "node_modules/@json-rpc-tools/utils": {
      "version": "1.7.1",
      "resolved": "https://registry.npmjs.org/@json-rpc-tools/utils/-/utils-1.7.1.tgz",
      "integrity": "sha512-9iMPBmm2Fut62nW6YH49MCUteCUepDz94fqlUnzKZfjgS9JmYQDvfHCintAxr5tVcbVmOwUS+Vl6m0D3mqSUkA==",
      "dependencies": {
        "@json-rpc-tools/types": "^1.7.1"
      }
    },
    "node_modules/@json-rpc-tools/utils/node_modules/@json-rpc-tools/types": {
      "version": "1.7.1",
      "resolved": "https://registry.npmjs.org/@json-rpc-tools/types/-/types-1.7.1.tgz",
      "integrity": "sha512-SNhhx84LQwc9/QnOpdVd8LvXqurB0WcfIEe6961Qx+9ixeK1+U3Dt4tZTPkVohyKwBZ6YyRsqQl9ZYsy2SjdxQ==",
      "dependencies": {
        "keyvaluestorage-interface": "^1.0.0"
      }
    },
    "node_modules/@json-rpc-tools/utils/node_modules/keyvaluestorage-interface": {
      "version": "1.0.0",
      "resolved": "https://registry.npmjs.org/keyvaluestorage-interface/-/keyvaluestorage-interface-1.0.0.tgz",
      "integrity": "sha512-8t6Q3TclQ4uZynJY9IGr2+SsIGwK9JHcO6ootkHCGA0CrQCRy+VkouYNO2xicET6b9al7QKzpebNow+gkpCL8g=="
    }
  },
  "dependencies": {
    "@json-rpc-tools/utils": {
      "version": "1.7.1",
      "resolved": "https://registry.npmjs.org/@json-rpc-tools/utils/-/utils-1.7.1.tgz",
      "integrity": "sha512-9iMPBmm2Fut62nW6YH49MCUteCUepDz94fqlUnzKZfjgS9JmYQDvfHCintAxr5tVcbVmOwUS+Vl6m0D3mqSUkA==",
      "requires": {
        "@json-rpc-tools/types": "^1.7.1"
      },
      "dependencies": {
        "@json-rpc-tools/types": {
          "version": "1.7.1",
          "resolved": "https://registry.npmjs.org/@json-rpc-tools/types/-/types-1.7.1.tgz",
          "integrity": "sha512-SNhhx84LQwc9/QnOpdVd8LvXqurB0WcfIEe6961Qx+9ixeK1+U3Dt4tZTPkVohyKwBZ6YyRsqQl9ZYsy2SjdxQ==",
          "requires": {
            "keyvaluestorage-interface": "^1.0.0"
          }
        },
        "keyvaluestorage-interface": {
          "version": "1.0.0",
          "resolved": "https://registry.npmjs.org/keyvaluestorage-interface/-/keyvaluestorage-interface-1.0.0.tgz",
          "integrity": "sha512-8t6Q3TclQ4uZynJY9IGr2+SsIGwK9JHcO6ootkHCGA0CrQCRy+VkouYNO2xicET6b9al7QKzpebNow+gkpCL8g=="
        }
      }
    }
  }
}
