{
	"name": "@walletconnect/http-connection",
	"version": "1.7.8",
	"lockfileVersion": 2,
	"requires": true,
	"packages": {
		"": {
			"name": "@walletconnect/http-connection",
			"version": "1.7.8",
			"license": "Apache-2.0",
			"devDependencies": {
				"@types/node": "14.6.3"
			}
		},
		"node_modules/@types/node": {
			"version": "14.6.3",
			"resolved": "https://registry.npmjs.org/@types/node/-/node-14.6.3.tgz",
			"integrity": "sha512-pC/hkcREG6YfDfui1FBmj8e20jFU5Exjw4NYDm8kEdrW+mOh0T1Zve8DWKnS7ZIZvgncrctcNCXF4Q2I+loyww==",
			"dev": true
		}
	},
	"dependencies": {
		"@types/node": {
			"version": "14.6.3",
			"resolved": "https://registry.npmjs.org/@types/node/-/node-14.6.3.tgz",
			"integrity": "sha512-pC/hkcREG6YfDfui1FBmj8e20jFU5Exjw4NYDm8kEdrW+mOh0T1Zve8DWKnS7ZIZvgncrctcNCXF4Q2I+loyww==",
			"dev": true
		}
	}
}
