{
  "name": "@walletconnect/core",
  "version": "2.0.0-beta.101",
  "lockfileVersion": 2,
  "requires": true,
  "packages": {
    "": {
      "name": "@walletconnect/core",
      "version": "2.0.0-beta.101",
      "license": "Apache-2.0",
      "dependencies": {
        "@walletconnect/events": "1.0.0",
        "@walletconnect/heartbeat": "1.0.0",
        "@walletconnect/jsonrpc-provider": "1.0.3",
        "@walletconnect/jsonrpc-ws-connection": "1.0.0",
        "@walletconnect/keyvaluestorage": "1.0.0",
        "@walletconnect/logger": "1.0.0",
        "@walletconnect/safe-json": "1.0.0",
        "@walletconnect/time": "1.0.1"
      }
    },
    "../types": {
      "name": "@walletconnect/types",
      "version": "2.0.0-beta.101",
      "extraneous": true,
      "license": "Apache-2.0",
      "dependencies": {
        "@walletconnect/events": "^1.0.0",
        "@walletconnect/heartbeat": "^1.0.0",
        "@walletconnect/jsonrpc-types": "1.0.1",
        "@walletconnect/keyvaluestorage": "^1.0.0",
        "pino": "^6.7.0",
        "pino-pretty": "^4.3.0"
      }
    },
    "../utils": {
      "name": "@walletconnect/utils",
      "version": "2.0.0-beta.101",
      "extraneous": true,
      "license": "Apache-2.0",
      "dependencies": {
        "@stablelib/chacha20poly1305": "^1.0.1",
        "@stablelib/hkdf": "^1.0.1",
        "@stablelib/random": "^1.0.1",
        "@stablelib/sha256": "^1.0.1",
        "@stablelib/x25519": "^1.0.2",
        "@walletconnect/jsonrpc-utils": "1.0.3",
        "@walletconnect/logger": "^1.0.0",
        "@walletconnect/relay-api": "1.0.4",
        "@walletconnect/safe-json": "^1.0.0",
        "@walletconnect/time": "^1.0.1",
        "@walletconnect/types": "^2.0.0-beta.101",
        "@walletconnect/window-getters": "^1.0.0",
        "@walletconnect/window-metadata": "^1.0.0",
        "lodash.isequal": "4.5.0",
        "query-string": "^6.13.5",
        "uint8arrays": "^3.0.0"
      },
      "devDependencies": {
        "@types/lodash.isequal": "4.5.6"
      }
    },
    "node_modules/@walletconnect/events": {
      "version": "1.0.0",
      "resolved": "https://registry.npmjs.org/@walletconnect/events/-/events-1.0.0.tgz",
      "integrity": "sha512-LLf8krnHo+PsObwMZbGhVaG24SvGTJM0MEtPNhrlQmp27CRV+LwYpHLh7fhABcnUon4aeo7dojCJMmx5jBNWuQ==",
      "dependencies": {
        "keyvaluestorage-interface": "^1.0.0"
      }
    },
    "node_modules/@walletconnect/events/node_modules/keyvaluestorage-interface": {
      "version": "1.0.0",
      "resolved": "https://registry.npmjs.org/keyvaluestorage-interface/-/keyvaluestorage-interface-1.0.0.tgz",
      "integrity": "sha512-8t6Q3TclQ4uZynJY9IGr2+SsIGwK9JHcO6ootkHCGA0CrQCRy+VkouYNO2xicET6b9al7QKzpebNow+gkpCL8g=="
    },
    "node_modules/@walletconnect/heartbeat": {
      "version": "1.0.0",
      "resolved": "https://registry.npmjs.org/@walletconnect/heartbeat/-/heartbeat-1.0.0.tgz",
      "integrity": "sha512-WMWbUNHVkVd7FS38P0DMDlvR38P/kSZcda94t54h8XtC1CfI2M/Cn9TGS6mC6MNuDkZZm+cOdkekibQc+9sNdQ==",
      "dependencies": {
        "@walletconnect/events": "^1.0.0",
        "@walletconnect/time": "^1.0.1"
      }
    },
    "node_modules/@walletconnect/jsonrpc-provider": {
      "version": "1.0.3",
      "resolved": "https://registry.npmjs.org/@walletconnect/jsonrpc-provider/-/jsonrpc-provider-1.0.3.tgz",
      "integrity": "sha512-DmSBKEB+RYngQgAbbDtJTUFdgyKvnWJD8bsM2QR1e2fyEUGUaq+z3QXixrMAsMW3tI8EuVlklEd7ayb6oyFpZw==",
      "dependencies": {
        "@walletconnect/jsonrpc-utils": "^1.0.0",
        "@walletconnect/safe-json": "^1.0.0"
      }
    },
    "node_modules/@walletconnect/jsonrpc-provider/node_modules/@walletconnect/environment": {
      "version": "1.0.0",
      "resolved": "https://registry.npmjs.org/@walletconnect/environment/-/environment-1.0.0.tgz",
      "integrity": "sha512-4BwqyWy6KpSvkocSaV7WR3BlZfrxLbJSLkg+j7Gl6pTDE+U55lLhJvQaMuDVazXYxcjBsG09k7UlH7cGiUI5vQ=="
    },
    "node_modules/@walletconnect/jsonrpc-provider/node_modules/@walletconnect/jsonrpc-types": {
      "version": "1.0.1",
      "resolved": "https://registry.npmjs.org/@walletconnect/jsonrpc-types/-/jsonrpc-types-1.0.1.tgz",
      "integrity": "sha512-+6coTtOuChCqM+AoYyi4Q83p9l/laI6NvuM2/AHaZFuf0gT0NjW7IX2+86qGyizn7Ptq4AYZmfxurAxTnhefuw==",
      "dependencies": {
        "keyvaluestorage-interface": "^1.0.0"
      }
    },
    "node_modules/@walletconnect/jsonrpc-provider/node_modules/@walletconnect/jsonrpc-utils": {
      "version": "1.0.3",
      "resolved": "https://registry.npmjs.org/@walletconnect/jsonrpc-utils/-/jsonrpc-utils-1.0.3.tgz",
      "integrity": "sha512-3yb49bPk16MNLk6uIIHPSHQCpD6UAo1OMOx1rM8cW/MPEAYAzrSW5hkhG7NEUwX9SokRIgnZK3QuQkiyNzBMhQ==",
      "dependencies": {
        "@walletconnect/environment": "^1.0.0",
        "@walletconnect/jsonrpc-types": "^1.0.1"
      }
    },
    "node_modules/@walletconnect/jsonrpc-provider/node_modules/keyvaluestorage-interface": {
      "version": "1.0.0",
      "resolved": "https://registry.npmjs.org/keyvaluestorage-interface/-/keyvaluestorage-interface-1.0.0.tgz",
      "integrity": "sha512-8t6Q3TclQ4uZynJY9IGr2+SsIGwK9JHcO6ootkHCGA0CrQCRy+VkouYNO2xicET6b9al7QKzpebNow+gkpCL8g=="
    },
    "node_modules/@walletconnect/jsonrpc-ws-connection": {
      "version": "1.0.0",
      "resolved": "https://registry.npmjs.org/@walletconnect/jsonrpc-ws-connection/-/jsonrpc-ws-connection-1.0.0.tgz",
      "integrity": "sha512-ITeDZo08Jr2AdftksAJNSoB/IQdpmxwJBhHsa9z9rp95V6S88zSqc6EB+BSYMVJZPjLYW8Xi+gZD9YPwxMRY0w==",
      "dependencies": {
        "@walletconnect/jsonrpc-utils": "^1.0.0",
        "@walletconnect/safe-json": "^1.0.0",
        "ws": "^7.5.1"
      }
    },
    "node_modules/@walletconnect/jsonrpc-ws-connection/node_modules/@walletconnect/environment": {
      "version": "1.0.0",
      "resolved": "https://registry.npmjs.org/@walletconnect/environment/-/environment-1.0.0.tgz",
      "integrity": "sha512-4BwqyWy6KpSvkocSaV7WR3BlZfrxLbJSLkg+j7Gl6pTDE+U55lLhJvQaMuDVazXYxcjBsG09k7UlH7cGiUI5vQ=="
    },
    "node_modules/@walletconnect/jsonrpc-ws-connection/node_modules/@walletconnect/jsonrpc-types": {
      "version": "1.0.1",
      "resolved": "https://registry.npmjs.org/@walletconnect/jsonrpc-types/-/jsonrpc-types-1.0.1.tgz",
      "integrity": "sha512-+6coTtOuChCqM+AoYyi4Q83p9l/laI6NvuM2/AHaZFuf0gT0NjW7IX2+86qGyizn7Ptq4AYZmfxurAxTnhefuw==",
      "dependencies": {
        "keyvaluestorage-interface": "^1.0.0"
      }
    },
    "node_modules/@walletconnect/jsonrpc-ws-connection/node_modules/@walletconnect/jsonrpc-utils": {
      "version": "1.0.3",
      "resolved": "https://registry.npmjs.org/@walletconnect/jsonrpc-utils/-/jsonrpc-utils-1.0.3.tgz",
      "integrity": "sha512-3yb49bPk16MNLk6uIIHPSHQCpD6UAo1OMOx1rM8cW/MPEAYAzrSW5hkhG7NEUwX9SokRIgnZK3QuQkiyNzBMhQ==",
      "dependencies": {
        "@walletconnect/environment": "^1.0.0",
        "@walletconnect/jsonrpc-types": "^1.0.1"
      }
    },
    "node_modules/@walletconnect/jsonrpc-ws-connection/node_modules/keyvaluestorage-interface": {
      "version": "1.0.0",
      "resolved": "https://registry.npmjs.org/keyvaluestorage-interface/-/keyvaluestorage-interface-1.0.0.tgz",
      "integrity": "sha512-8t6Q3TclQ4uZynJY9IGr2+SsIGwK9JHcO6ootkHCGA0CrQCRy+VkouYNO2xicET6b9al7QKzpebNow+gkpCL8g=="
    },
    "node_modules/@walletconnect/jsonrpc-ws-connection/node_modules/ws": {
      "version": "7.5.8",
      "resolved": "https://registry.npmjs.org/ws/-/ws-7.5.8.tgz",
      "integrity": "sha512-ri1Id1WinAX5Jqn9HejiGb8crfRio0Qgu8+MtL36rlTA6RLsMdWt1Az/19A2Qij6uSHUMphEFaTKa4WG+UNHNw==",
      "engines": {
        "node": ">=8.3.0"
      },
      "peerDependencies": {
        "bufferutil": "^4.0.1",
        "utf-8-validate": "^5.0.2"
      },
      "peerDependenciesMeta": {
        "bufferutil": {
          "optional": true
        },
        "utf-8-validate": {
          "optional": true
        }
      }
    },
    "node_modules/@walletconnect/keyvaluestorage": {
      "version": "1.0.0",
      "resolved": "https://registry.npmjs.org/@walletconnect/keyvaluestorage/-/keyvaluestorage-1.0.0.tgz",
      "integrity": "sha512-dlIrX/pCjuXMUprkLdy0hw0Ibr3To9nCdG19mPqd/lRdRWsPItBL+79LClVplMxb0cuF3qlTuGTNx/hmUKYmWA==",
      "dependencies": {
        "localStorage": "^1.0.4",
        "safe-json-utils": "^1.1.1"
      },
      "peerDependencies": {
        "@react-native-async-storage/async-storage": "1.x",
        "better-sqlite3": "7.x"
      },
      "peerDependenciesMeta": {
        "@react-native-async-storage/async-storage": {
          "optional": true
        },
        "better-sqlite3": {
          "optional": true
        }
      }
    },
    "node_modules/@walletconnect/keyvaluestorage/node_modules/localStorage": {
      "version": "1.0.4",
      "resolved": "https://registry.npmjs.org/localStorage/-/localStorage-1.0.4.tgz",
      "integrity": "sha512-r35zrihcDiX+dqWlJSeIwS9nrF95OQTgqMFm3FB2D/+XgdmZtcutZOb7t0xXkhOEM8a9kpuu7cc28g1g36I5DQ==",
      "engines": {
        "node": ">= v0.2.0"
      }
    },
    "node_modules/@walletconnect/keyvaluestorage/node_modules/safe-json-utils": {
      "version": "1.1.1",
      "resolved": "https://registry.npmjs.org/safe-json-utils/-/safe-json-utils-1.1.1.tgz",
      "integrity": "sha512-SAJWGKDs50tAbiDXLf89PDwt9XYkWyANFWVzn4dTXl5QyI8t2o/bW5/OJl3lvc2WVU4MEpTo9Yz5NVFNsp+OJQ=="
    },
    "node_modules/@walletconnect/logger": {
      "version": "1.0.0",
      "resolved": "https://registry.npmjs.org/@walletconnect/logger/-/logger-1.0.0.tgz",
      "integrity": "sha512-micLp42wwwDogbN+lKZjhk2t9oc7A6IvA2UR/3T+Xeh12eewZKfgrvZSu6CYijYLgiodjBxAwn0dC4a3ywXv/w==",
      "dependencies": {
        "pino": "^6.7.0"
      }
    },
    "node_modules/@walletconnect/logger/node_modules/atomic-sleep": {
      "version": "1.0.0",
      "resolved": "https://registry.npmjs.org/atomic-sleep/-/atomic-sleep-1.0.0.tgz",
      "integrity": "sha512-kNOjDqAh7px0XWNI+4QbzoiR/nTkHAWNud2uvnJquD1/x5a7EQZMJT0AczqK0Qn67oY/TTQ1LbUKajZpp3I9tQ==",
      "engines": {
        "node": ">=8.0.0"
      }
    },
    "node_modules/@walletconnect/logger/node_modules/fast-redact": {
      "version": "3.1.1",
      "resolved": "https://registry.npmjs.org/fast-redact/-/fast-redact-3.1.1.tgz",
      "integrity": "sha512-odVmjC8x8jNeMZ3C+rPMESzXVSEU8tSWSHv9HFxP2mm89G/1WwqhrerJDQm9Zus8X6aoRgQDThKqptdNA6bt+A==",
      "engines": {
        "node": ">=6"
      }
    },
    "node_modules/@walletconnect/logger/node_modules/fast-safe-stringify": {
      "version": "2.1.1",
      "resolved": "https://registry.npmjs.org/fast-safe-stringify/-/fast-safe-stringify-2.1.1.tgz",
      "integrity": "sha512-W+KJc2dmILlPplD/H4K9l9LcAHAfPtP6BY84uVLXQ6Evcz9Lcg33Y2z1IVblT6xdY54PXYVHEv+0Wpq8Io6zkA=="
    },
    "node_modules/@walletconnect/logger/node_modules/flatstr": {
      "version": "1.0.12",
      "resolved": "https://registry.npmjs.org/flatstr/-/flatstr-1.0.12.tgz",
      "integrity": "sha512-4zPxDyhCyiN2wIAtSLI6gc82/EjqZc1onI4Mz/l0pWrAlsSfYH/2ZIcU+e3oA2wDwbzIWNKwa23F8rh6+DRWkw=="
    },
    "node_modules/@walletconnect/logger/node_modules/pino": {
      "version": "6.14.0",
      "resolved": "https://registry.npmjs.org/pino/-/pino-6.14.0.tgz",
      "integrity": "sha512-iuhEDel3Z3hF9Jfe44DPXR8l07bhjuFY3GMHIXbjnY9XcafbyDDwl2sN2vw2GjMPf5Nkoe+OFao7ffn9SXaKDg==",
      "dependencies": {
        "fast-redact": "^3.0.0",
        "fast-safe-stringify": "^2.0.8",
        "flatstr": "^1.0.12",
        "pino-std-serializers": "^3.1.0",
        "process-warning": "^1.0.0",
        "quick-format-unescaped": "^4.0.3",
        "sonic-boom": "^1.0.2"
      },
      "bin": {
        "pino": "bin.js"
      }
    },
    "node_modules/@walletconnect/logger/node_modules/pino-std-serializers": {
      "version": "3.2.0",
      "resolved": "https://registry.npmjs.org/pino-std-serializers/-/pino-std-serializers-3.2.0.tgz",
      "integrity": "sha512-EqX4pwDPrt3MuOAAUBMU0Tk5kR/YcCM5fNPEzgCO2zJ5HfX0vbiH9HbJglnyeQsN96Kznae6MWD47pZB5avTrg=="
    },
    "node_modules/@walletconnect/logger/node_modules/process-warning": {
      "version": "1.0.0",
      "resolved": "https://registry.npmjs.org/process-warning/-/process-warning-1.0.0.tgz",
      "integrity": "sha512-du4wfLyj4yCZq1VupnVSZmRsPJsNuxoDQFdCFHLaYiEbFBD7QE0a+I4D7hOxrVnh78QE/YipFAj9lXHiXocV+Q=="
    },
    "node_modules/@walletconnect/logger/node_modules/quick-format-unescaped": {
      "version": "4.0.4",
      "resolved": "https://registry.npmjs.org/quick-format-unescaped/-/quick-format-unescaped-4.0.4.tgz",
      "integrity": "sha512-tYC1Q1hgyRuHgloV/YXs2w15unPVh8qfu/qCTfhTYamaw7fyhumKa2yGpdSo87vY32rIclj+4fWYQXUMs9EHvg=="
    },
    "node_modules/@walletconnect/logger/node_modules/sonic-boom": {
      "version": "1.4.1",
      "resolved": "https://registry.npmjs.org/sonic-boom/-/sonic-boom-1.4.1.tgz",
      "integrity": "sha512-LRHh/A8tpW7ru89lrlkU4AszXt1dbwSjVWguGrmlxE7tawVmDBlI1PILMkXAxJTwqhgsEeTHzj36D5CmHgQmNg==",
      "dependencies": {
        "atomic-sleep": "^1.0.0",
        "flatstr": "^1.0.12"
      }
    },
    "node_modules/@walletconnect/safe-json": {
      "version": "1.0.0",
      "resolved": "https://registry.npmjs.org/@walletconnect/safe-json/-/safe-json-1.0.0.tgz",
      "integrity": "sha512-QJzp/S/86sUAgWY6eh5MKYmSfZaRpIlmCJdi5uG4DJlKkZrHEF7ye7gA+VtbVzvTtpM/gRwO2plQuiooIeXjfg=="
    },
    "node_modules/@walletconnect/time": {
      "version": "1.0.1",
      "resolved": "https://registry.npmjs.org/@walletconnect/time/-/time-1.0.1.tgz",
      "integrity": "sha512-LtNtHupTNranehLMh8Z/JN6xVySysSoJNjNCQ0ML+hOUkim5QX/VdvfovSpaX9qA2b95u7bIuTcq0O3UBk7Iyw=="
    }
  },
  "dependencies": {
    "@walletconnect/events": {
      "version": "1.0.0",
      "resolved": "https://registry.npmjs.org/@walletconnect/events/-/events-1.0.0.tgz",
      "integrity": "sha512-LLf8krnHo+PsObwMZbGhVaG24SvGTJM0MEtPNhrlQmp27CRV+LwYpHLh7fhABcnUon4aeo7dojCJMmx5jBNWuQ==",
      "requires": {
        "keyvaluestorage-interface": "^1.0.0"
      },
      "dependencies": {
        "keyvaluestorage-interface": {
          "version": "1.0.0",
          "resolved": "https://registry.npmjs.org/keyvaluestorage-interface/-/keyvaluestorage-interface-1.0.0.tgz",
          "integrity": "sha512-8t6Q3TclQ4uZynJY9IGr2+SsIGwK9JHcO6ootkHCGA0CrQCRy+VkouYNO2xicET6b9al7QKzpebNow+gkpCL8g=="
        }
      }
    },
    "@walletconnect/heartbeat": {
      "version": "1.0.0",
      "resolved": "https://registry.npmjs.org/@walletconnect/heartbeat/-/heartbeat-1.0.0.tgz",
      "integrity": "sha512-WMWbUNHVkVd7FS38P0DMDlvR38P/kSZcda94t54h8XtC1CfI2M/Cn9TGS6mC6MNuDkZZm+cOdkekibQc+9sNdQ==",
      "requires": {
        "@walletconnect/events": "^1.0.0",
        "@walletconnect/time": "^1.0.1"
      }
    },
    "@walletconnect/jsonrpc-provider": {
      "version": "1.0.3",
      "resolved": "https://registry.npmjs.org/@walletconnect/jsonrpc-provider/-/jsonrpc-provider-1.0.3.tgz",
      "integrity": "sha512-DmSBKEB+RYngQgAbbDtJTUFdgyKvnWJD8bsM2QR1e2fyEUGUaq+z3QXixrMAsMW3tI8EuVlklEd7ayb6oyFpZw==",
      "requires": {
        "@walletconnect/jsonrpc-utils": "^1.0.0",
        "@walletconnect/safe-json": "^1.0.0"
      },
      "dependencies": {
        "@walletconnect/environment": {
          "version": "1.0.0",
          "resolved": "https://registry.npmjs.org/@walletconnect/environment/-/environment-1.0.0.tgz",
          "integrity": "sha512-4BwqyWy6KpSvkocSaV7WR3BlZfrxLbJSLkg+j7Gl6pTDE+U55lLhJvQaMuDVazXYxcjBsG09k7UlH7cGiUI5vQ=="
        },
        "@walletconnect/jsonrpc-types": {
          "version": "1.0.1",
          "resolved": "https://registry.npmjs.org/@walletconnect/jsonrpc-types/-/jsonrpc-types-1.0.1.tgz",
          "integrity": "sha512-+6coTtOuChCqM+AoYyi4Q83p9l/laI6NvuM2/AHaZFuf0gT0NjW7IX2+86qGyizn7Ptq4AYZmfxurAxTnhefuw==",
          "requires": {
            "keyvaluestorage-interface": "^1.0.0"
          }
        },
        "@walletconnect/jsonrpc-utils": {
          "version": "1.0.3",
          "resolved": "https://registry.npmjs.org/@walletconnect/jsonrpc-utils/-/jsonrpc-utils-1.0.3.tgz",
          "integrity": "sha512-3yb49bPk16MNLk6uIIHPSHQCpD6UAo1OMOx1rM8cW/MPEAYAzrSW5hkhG7NEUwX9SokRIgnZK3QuQkiyNzBMhQ==",
          "requires": {
            "@walletconnect/environment": "^1.0.0",
            "@walletconnect/jsonrpc-types": "^1.0.1"
          }
        },
        "keyvaluestorage-interface": {
          "version": "1.0.0",
          "resolved": "https://registry.npmjs.org/keyvaluestorage-interface/-/keyvaluestorage-interface-1.0.0.tgz",
          "integrity": "sha512-8t6Q3TclQ4uZynJY9IGr2+SsIGwK9JHcO6ootkHCGA0CrQCRy+VkouYNO2xicET6b9al7QKzpebNow+gkpCL8g=="
        }
      }
    },
    "@walletconnect/jsonrpc-ws-connection": {
      "version": "1.0.0",
      "resolved": "https://registry.npmjs.org/@walletconnect/jsonrpc-ws-connection/-/jsonrpc-ws-connection-1.0.0.tgz",
      "integrity": "sha512-ITeDZo08Jr2AdftksAJNSoB/IQdpmxwJBhHsa9z9rp95V6S88zSqc6EB+BSYMVJZPjLYW8Xi+gZD9YPwxMRY0w==",
      "requires": {
        "@walletconnect/jsonrpc-utils": "^1.0.0",
        "@walletconnect/safe-json": "^1.0.0",
        "ws": "^7.5.1"
      },
      "dependencies": {
        "@walletconnect/environment": {
          "version": "1.0.0",
          "resolved": "https://registry.npmjs.org/@walletconnect/environment/-/environment-1.0.0.tgz",
          "integrity": "sha512-4BwqyWy6KpSvkocSaV7WR3BlZfrxLbJSLkg+j7Gl6pTDE+U55lLhJvQaMuDVazXYxcjBsG09k7UlH7cGiUI5vQ=="
        },
        "@walletconnect/jsonrpc-types": {
          "version": "1.0.1",
          "resolved": "https://registry.npmjs.org/@walletconnect/jsonrpc-types/-/jsonrpc-types-1.0.1.tgz",
          "integrity": "sha512-+6coTtOuChCqM+AoYyi4Q83p9l/laI6NvuM2/AHaZFuf0gT0NjW7IX2+86qGyizn7Ptq4AYZmfxurAxTnhefuw==",
          "requires": {
            "keyvaluestorage-interface": "^1.0.0"
          }
        },
        "@walletconnect/jsonrpc-utils": {
          "version": "1.0.3",
          "resolved": "https://registry.npmjs.org/@walletconnect/jsonrpc-utils/-/jsonrpc-utils-1.0.3.tgz",
          "integrity": "sha512-3yb49bPk16MNLk6uIIHPSHQCpD6UAo1OMOx1rM8cW/MPEAYAzrSW5hkhG7NEUwX9SokRIgnZK3QuQkiyNzBMhQ==",
          "requires": {
            "@walletconnect/environment": "^1.0.0",
            "@walletconnect/jsonrpc-types": "^1.0.1"
          }
        },
        "keyvaluestorage-interface": {
          "version": "1.0.0",
          "resolved": "https://registry.npmjs.org/keyvaluestorage-interface/-/keyvaluestorage-interface-1.0.0.tgz",
          "integrity": "sha512-8t6Q3TclQ4uZynJY9IGr2+SsIGwK9JHcO6ootkHCGA0CrQCRy+VkouYNO2xicET6b9al7QKzpebNow+gkpCL8g=="
        },
        "ws": {
          "version": "7.5.8",
          "resolved": "https://registry.npmjs.org/ws/-/ws-7.5.8.tgz",
          "integrity": "sha512-ri1Id1WinAX5Jqn9HejiGb8crfRio0Qgu8+MtL36rlTA6RLsMdWt1Az/19A2Qij6uSHUMphEFaTKa4WG+UNHNw==",
          "requires": {}
        }
      }
    },
    "@walletconnect/keyvaluestorage": {
      "version": "1.0.0",
      "resolved": "https://registry.npmjs.org/@walletconnect/keyvaluestorage/-/keyvaluestorage-1.0.0.tgz",
      "integrity": "sha512-dlIrX/pCjuXMUprkLdy0hw0Ibr3To9nCdG19mPqd/lRdRWsPItBL+79LClVplMxb0cuF3qlTuGTNx/hmUKYmWA==",
      "requires": {
        "localStorage": "^1.0.4",
        "safe-json-utils": "^1.1.1"
      },
      "dependencies": {
        "localStorage": {
          "version": "1.0.4",
          "resolved": "https://registry.npmjs.org/localStorage/-/localStorage-1.0.4.tgz",
          "integrity": "sha512-r35zrihcDiX+dqWlJSeIwS9nrF95OQTgqMFm3FB2D/+XgdmZtcutZOb7t0xXkhOEM8a9kpuu7cc28g1g36I5DQ=="
        },
        "safe-json-utils": {
          "version": "1.1.1",
          "resolved": "https://registry.npmjs.org/safe-json-utils/-/safe-json-utils-1.1.1.tgz",
          "integrity": "sha512-SAJWGKDs50tAbiDXLf89PDwt9XYkWyANFWVzn4dTXl5QyI8t2o/bW5/OJl3lvc2WVU4MEpTo9Yz5NVFNsp+OJQ=="
        }
      }
    },
    "@walletconnect/logger": {
      "version": "1.0.0",
      "resolved": "https://registry.npmjs.org/@walletconnect/logger/-/logger-1.0.0.tgz",
      "integrity": "sha512-micLp42wwwDogbN+lKZjhk2t9oc7A6IvA2UR/3T+Xeh12eewZKfgrvZSu6CYijYLgiodjBxAwn0dC4a3ywXv/w==",
      "requires": {
        "pino": "^6.7.0"
      },
      "dependencies": {
        "atomic-sleep": {
          "version": "1.0.0",
          "resolved": "https://registry.npmjs.org/atomic-sleep/-/atomic-sleep-1.0.0.tgz",
          "integrity": "sha512-kNOjDqAh7px0XWNI+4QbzoiR/nTkHAWNud2uvnJquD1/x5a7EQZMJT0AczqK0Qn67oY/TTQ1LbUKajZpp3I9tQ=="
        },
        "fast-redact": {
          "version": "3.1.1",
          "resolved": "https://registry.npmjs.org/fast-redact/-/fast-redact-3.1.1.tgz",
          "integrity": "sha512-odVmjC8x8jNeMZ3C+rPMESzXVSEU8tSWSHv9HFxP2mm89G/1WwqhrerJDQm9Zus8X6aoRgQDThKqptdNA6bt+A=="
        },
        "fast-safe-stringify": {
          "version": "2.1.1",
          "resolved": "https://registry.npmjs.org/fast-safe-stringify/-/fast-safe-stringify-2.1.1.tgz",
          "integrity": "sha512-W+KJc2dmILlPplD/H4K9l9LcAHAfPtP6BY84uVLXQ6Evcz9Lcg33Y2z1IVblT6xdY54PXYVHEv+0Wpq8Io6zkA=="
        },
        "flatstr": {
          "version": "1.0.12",
          "resolved": "https://registry.npmjs.org/flatstr/-/flatstr-1.0.12.tgz",
          "integrity": "sha512-4zPxDyhCyiN2wIAtSLI6gc82/EjqZc1onI4Mz/l0pWrAlsSfYH/2ZIcU+e3oA2wDwbzIWNKwa23F8rh6+DRWkw=="
        },
        "pino": {
          "version": "6.14.0",
          "resolved": "https://registry.npmjs.org/pino/-/pino-6.14.0.tgz",
          "integrity": "sha512-iuhEDel3Z3hF9Jfe44DPXR8l07bhjuFY3GMHIXbjnY9XcafbyDDwl2sN2vw2GjMPf5Nkoe+OFao7ffn9SXaKDg==",
          "requires": {
            "fast-redact": "^3.0.0",
            "fast-safe-stringify": "^2.0.8",
            "flatstr": "^1.0.12",
            "pino-std-serializers": "^3.1.0",
            "process-warning": "^1.0.0",
            "quick-format-unescaped": "^4.0.3",
            "sonic-boom": "^1.0.2"
          }
        },
        "pino-std-serializers": {
          "version": "3.2.0",
          "resolved": "https://registry.npmjs.org/pino-std-serializers/-/pino-std-serializers-3.2.0.tgz",
          "integrity": "sha512-EqX4pwDPrt3MuOAAUBMU0Tk5kR/YcCM5fNPEzgCO2zJ5HfX0vbiH9HbJglnyeQsN96Kznae6MWD47pZB5avTrg=="
        },
        "process-warning": {
          "version": "1.0.0",
          "resolved": "https://registry.npmjs.org/process-warning/-/process-warning-1.0.0.tgz",
          "integrity": "sha512-du4wfLyj4yCZq1VupnVSZmRsPJsNuxoDQFdCFHLaYiEbFBD7QE0a+I4D7hOxrVnh78QE/YipFAj9lXHiXocV+Q=="
        },
        "quick-format-unescaped": {
          "version": "4.0.4",
          "resolved": "https://registry.npmjs.org/quick-format-unescaped/-/quick-format-unescaped-4.0.4.tgz",
          "integrity": "sha512-tYC1Q1hgyRuHgloV/YXs2w15unPVh8qfu/qCTfhTYamaw7fyhumKa2yGpdSo87vY32rIclj+4fWYQXUMs9EHvg=="
        },
        "sonic-boom": {
          "version": "1.4.1",
          "resolved": "https://registry.npmjs.org/sonic-boom/-/sonic-boom-1.4.1.tgz",
          "integrity": "sha512-LRHh/A8tpW7ru89lrlkU4AszXt1dbwSjVWguGrmlxE7tawVmDBlI1PILMkXAxJTwqhgsEeTHzj36D5CmHgQmNg==",
          "requires": {
            "atomic-sleep": "^1.0.0",
            "flatstr": "^1.0.12"
          }
        }
      }
    },
    "@walletconnect/safe-json": {
      "version": "1.0.0",
      "resolved": "https://registry.npmjs.org/@walletconnect/safe-json/-/safe-json-1.0.0.tgz",
      "integrity": "sha512-QJzp/S/86sUAgWY6eh5MKYmSfZaRpIlmCJdi5uG4DJlKkZrHEF7ye7gA+VtbVzvTtpM/gRwO2plQuiooIeXjfg=="
    },
    "@walletconnect/time": {
      "version": "1.0.1",
      "resolved": "https://registry.npmjs.org/@walletconnect/time/-/time-1.0.1.tgz",
      "integrity": "sha512-LtNtHupTNranehLMh8Z/JN6xVySysSoJNjNCQ0ML+hOUkim5QX/VdvfovSpaX9qA2b95u7bIuTcq0O3UBk7Iyw=="
    }
  }
}
