{
	"name": "@walletconnect/legacy-provider",
	"version": "2.0.0-beta.101",
	"lockfileVersion": 2,
	"requires": true,
	"packages": {
		"": {
			"name": "@walletconnect/legacy-provider",
			"version": "2.0.0-beta.101",
			"license": "Apache-2.0",
			"devDependencies": {
				"typescript": "^3.7.5"
			}
		},
		"../client": {
			"name": "@walletconnect/legacy-client",
			"version": "2.0.0-beta.101",
			"extraneous": true,
			"license": "Apache-2.0",
			"dependencies": {
				"@walletconnect/jsonrpc-utils": "^1.0.1"
			},
			"devDependencies": {
				"typescript": "^3.7.5"
			}
		},
		"../modal": {
			"name": "@walletconnect/legacy-modal",
			"version": "2.0.0-beta.101",
			"extraneous": true,
			"license": "Apache-2.0",
			"devDependencies": {
				"typescript": "^3.7.5"
			}
		},
		"../types": {
			"name": "@walletconnect/legacy-types",
			"version": "2.0.0-beta.101",
			"extraneous": true,
			"license": "Apache-2.0",
			"dependencies": {
				"@walletconnect/jsonrpc-types": "^1.0.0"
			},
			"devDependencies": {
				"typescript": "^3.7.5"
			}
		},
		"../utils": {
			"name": "@walletconnect/legacy-utils",
			"version": "2.0.0-beta.101",
			"extraneous": true,
			"license": "Apache-2.0",
			"dependencies": {
				"@walletconnect/jsonrpc-utils": "^1.0.1"
			},
			"devDependencies": {
				"typescript": "^3.7.5"
			}
		},
		"node_modules/typescript": {
			"version": "3.9.10",
			"resolved": "https://registry.npmjs.org/typescript/-/typescript-3.9.10.tgz",
			"integrity": "sha512-w6fIxVE/H1PkLKcCPsFqKE7Kv7QUwhU8qQY2MueZXWx5cPZdwFupLgKK3vntcK98BtNHZtAF4LA/yl2a7k8R6Q==",
			"dev": true,
			"bin": {
				"tsc": "bin/tsc",
				"tsserver": "bin/tsserver"
			},
			"engines": {
				"node": ">=4.2.0"
			}
		}
	},
	"dependencies": {
		"typescript": {
			"version": "3.9.10",
			"resolved": "https://registry.npmjs.org/typescript/-/typescript-3.9.10.tgz",
			"integrity": "sha512-w6fIxVE/H1PkLKcCPsFqKE7Kv7QUwhU8qQY2MueZXWx5cPZdwFupLgKK3vntcK98BtNHZtAF4LA/yl2a7k8R6Q==",
			"dev": true
		}
	}
}
