{
	"name": "@walletconnect/legacy-provider",
	"version": "2.0.0-beta.20.1",
	"lockfileVersion": 2,
	"requires": true,
	"packages": {
		"": {
			"name": "@walletconnect/legacy-provider",
			"version": "2.0.0-beta.20",
			"license": "LGPL-3.0",
			"dependencies": {
				"eip1193-provider": "1.0.1"
			}
		},
		"node_modules/eip1193-provider": {
			"version": "1.0.1",
			"resolved": "https://registry.npmjs.org/eip1193-provider/-/eip1193-provider-1.0.1.tgz",
			"integrity": "sha512-kSuqwQ26d7CzuS/t3yRXo2Su2cVH0QfvyKbr2H7Be7O5YDyIq4hQGCNTo5wRdP07bt+E2R/8nPCzey4ojBHf7g==",
			"dependencies": {
				"@json-rpc-tools/provider": "^1.5.5"
			}
		},
		"node_modules/eip1193-provider/node_modules/@json-rpc-tools/provider": {
			"version": "1.7.6",
			"resolved": "https://registry.npmjs.org/@json-rpc-tools/provider/-/provider-1.7.6.tgz",
			"integrity": "sha512-z7D3xvJ33UfCGv77n40lbzOYjZKVM3k2+5cV7xS8G6SCvKTzMkhkUYuD/qzQUNT4cG/lv0e9mRToweEEVLVVmA==",
			"dependencies": {
				"@json-rpc-tools/utils": "^1.7.6",
				"axios": "^0.21.0",
				"safe-json-utils": "^1.1.1",
				"ws": "^7.4.0"
			}
		},
		"node_modules/eip1193-provider/node_modules/@json-rpc-tools/types": {
			"version": "1.7.6",
			"resolved": "https://registry.npmjs.org/@json-rpc-tools/types/-/types-1.7.6.tgz",
			"integrity": "sha512-nDSqmyRNEqEK9TZHtM15uNnDljczhCUdBmRhpNZ95bIPKEDQ+nTDmGMFd2lLin3upc5h2VVVd9tkTDdbXUhDIQ==",
			"dependencies": {
				"keyvaluestorage-interface": "^1.0.0"
			}
		},
		"node_modules/eip1193-provider/node_modules/@json-rpc-tools/utils": {
			"version": "1.7.6",
			"resolved": "https://registry.npmjs.org/@json-rpc-tools/utils/-/utils-1.7.6.tgz",
			"integrity": "sha512-HjA8x/U/Q78HRRe19yh8HVKoZ+Iaoo3YZjakJYxR+rw52NHo6jM+VE9b8+7ygkCFXl/EHID5wh/MkXaE/jGyYw==",
			"dependencies": {
				"@json-rpc-tools/types": "^1.7.6",
				"@pedrouid/environment": "^1.0.1"
			}
		},
		"node_modules/eip1193-provider/node_modules/@pedrouid/environment": {
			"version": "1.0.1",
			"resolved": "https://registry.npmjs.org/@pedrouid/environment/-/environment-1.0.1.tgz",
			"integrity": "sha512-HaW78NszGzRZd9SeoI3JD11JqY+lubnaOx7Pewj5pfjqWXOEATpeKIFb9Z4t2WBUK2iryiXX3lzWwmYWgUL0Ug=="
		},
		"node_modules/eip1193-provider/node_modules/axios": {
			"version": "0.21.4",
			"resolved": "https://registry.npmjs.org/axios/-/axios-0.21.4.tgz",
			"integrity": "sha512-ut5vewkiu8jjGBdqpM44XxjuCjq9LAKeHVmoVfHVzy8eHgxxq8SbAVQNovDA8mVi05kP0Ea/n/UzcSHcTJQfNg==",
			"dependencies": {
				"follow-redirects": "^1.14.0"
			}
		},
		"node_modules/eip1193-provider/node_modules/follow-redirects": {
			"version": "1.14.5",
			"resolved": "https://registry.npmjs.org/follow-redirects/-/follow-redirects-1.14.5.tgz",
			"integrity": "sha512-wtphSXy7d4/OR+MvIFbCVBDzZ5520qV8XfPklSN5QtxuMUJZ+b0Wnst1e1lCDocfzuCkHqj8k0FpZqO+UIaKNA==",
			"funding": [
				{
					"type": "individual",
					"url": "https://github.com/sponsors/RubenVerborgh"
				}
			],
			"engines": {
				"node": ">=4.0"
			},
			"peerDependenciesMeta": {
				"debug": {
					"optional": true
				}
			}
		},
		"node_modules/eip1193-provider/node_modules/keyvaluestorage-interface": {
			"version": "1.0.0",
			"resolved": "https://registry.npmjs.org/keyvaluestorage-interface/-/keyvaluestorage-interface-1.0.0.tgz",
			"integrity": "sha512-8t6Q3TclQ4uZynJY9IGr2+SsIGwK9JHcO6ootkHCGA0CrQCRy+VkouYNO2xicET6b9al7QKzpebNow+gkpCL8g=="
		},
		"node_modules/eip1193-provider/node_modules/safe-json-utils": {
			"version": "1.1.1",
			"resolved": "https://registry.npmjs.org/safe-json-utils/-/safe-json-utils-1.1.1.tgz",
			"integrity": "sha512-SAJWGKDs50tAbiDXLf89PDwt9XYkWyANFWVzn4dTXl5QyI8t2o/bW5/OJl3lvc2WVU4MEpTo9Yz5NVFNsp+OJQ=="
		},
		"node_modules/eip1193-provider/node_modules/ws": {
			"version": "7.5.6",
			"resolved": "https://registry.npmjs.org/ws/-/ws-7.5.6.tgz",
			"integrity": "sha512-6GLgCqo2cy2A2rjCNFlxQS6ZljG/coZfZXclldI8FB/1G3CCI36Zd8xy2HrFVACi8tfk5XrgLQEk+P0Tnz9UcA==",
			"engines": {
				"node": ">=8.3.0"
			},
			"peerDependencies": {
				"bufferutil": "^4.0.1",
				"utf-8-validate": "^5.0.2"
			},
			"peerDependenciesMeta": {
				"bufferutil": {
					"optional": true
				},
				"utf-8-validate": {
					"optional": true
				}
			}
		}
	},
	"dependencies": {
		"eip1193-provider": {
			"version": "1.0.1",
			"resolved": "https://registry.npmjs.org/eip1193-provider/-/eip1193-provider-1.0.1.tgz",
			"integrity": "sha512-kSuqwQ26d7CzuS/t3yRXo2Su2cVH0QfvyKbr2H7Be7O5YDyIq4hQGCNTo5wRdP07bt+E2R/8nPCzey4ojBHf7g==",
			"requires": {
				"@json-rpc-tools/provider": "^1.5.5"
			},
			"dependencies": {
				"@json-rpc-tools/provider": {
					"version": "1.7.6",
					"resolved": "https://registry.npmjs.org/@json-rpc-tools/provider/-/provider-1.7.6.tgz",
					"integrity": "sha512-z7D3xvJ33UfCGv77n40lbzOYjZKVM3k2+5cV7xS8G6SCvKTzMkhkUYuD/qzQUNT4cG/lv0e9mRToweEEVLVVmA==",
					"requires": {
						"@json-rpc-tools/utils": "^1.7.6",
						"axios": "^0.21.0",
						"safe-json-utils": "^1.1.1",
						"ws": "^7.4.0"
					}
				},
				"@json-rpc-tools/types": {
					"version": "1.7.6",
					"resolved": "https://registry.npmjs.org/@json-rpc-tools/types/-/types-1.7.6.tgz",
					"integrity": "sha512-nDSqmyRNEqEK9TZHtM15uNnDljczhCUdBmRhpNZ95bIPKEDQ+nTDmGMFd2lLin3upc5h2VVVd9tkTDdbXUhDIQ==",
					"requires": {
						"keyvaluestorage-interface": "^1.0.0"
					}
				},
				"@json-rpc-tools/utils": {
					"version": "1.7.6",
					"resolved": "https://registry.npmjs.org/@json-rpc-tools/utils/-/utils-1.7.6.tgz",
					"integrity": "sha512-HjA8x/U/Q78HRRe19yh8HVKoZ+Iaoo3YZjakJYxR+rw52NHo6jM+VE9b8+7ygkCFXl/EHID5wh/MkXaE/jGyYw==",
					"requires": {
						"@json-rpc-tools/types": "^1.7.6",
						"@pedrouid/environment": "^1.0.1"
					}
				},
				"@pedrouid/environment": {
					"version": "1.0.1",
					"resolved": "https://registry.npmjs.org/@pedrouid/environment/-/environment-1.0.1.tgz",
					"integrity": "sha512-HaW78NszGzRZd9SeoI3JD11JqY+lubnaOx7Pewj5pfjqWXOEATpeKIFb9Z4t2WBUK2iryiXX3lzWwmYWgUL0Ug=="
				},
				"axios": {
					"version": "0.21.4",
					"resolved": "https://registry.npmjs.org/axios/-/axios-0.21.4.tgz",
					"integrity": "sha512-ut5vewkiu8jjGBdqpM44XxjuCjq9LAKeHVmoVfHVzy8eHgxxq8SbAVQNovDA8mVi05kP0Ea/n/UzcSHcTJQfNg==",
					"requires": {
						"follow-redirects": "^1.14.0"
					}
				},
				"follow-redirects": {
					"version": "1.14.5",
					"resolved": "https://registry.npmjs.org/follow-redirects/-/follow-redirects-1.14.5.tgz",
					"integrity": "sha512-wtphSXy7d4/OR+MvIFbCVBDzZ5520qV8XfPklSN5QtxuMUJZ+b0Wnst1e1lCDocfzuCkHqj8k0FpZqO+UIaKNA=="
				},
				"keyvaluestorage-interface": {
					"version": "1.0.0",
					"resolved": "https://registry.npmjs.org/keyvaluestorage-interface/-/keyvaluestorage-interface-1.0.0.tgz",
					"integrity": "sha512-8t6Q3TclQ4uZynJY9IGr2+SsIGwK9JHcO6ootkHCGA0CrQCRy+VkouYNO2xicET6b9al7QKzpebNow+gkpCL8g=="
				},
				"safe-json-utils": {
					"version": "1.1.1",
					"resolved": "https://registry.npmjs.org/safe-json-utils/-/safe-json-utils-1.1.1.tgz",
					"integrity": "sha512-SAJWGKDs50tAbiDXLf89PDwt9XYkWyANFWVzn4dTXl5QyI8t2o/bW5/OJl3lvc2WVU4MEpTo9Yz5NVFNsp+OJQ=="
				},
				"ws": {
					"version": "7.5.6",
					"resolved": "https://registry.npmjs.org/ws/-/ws-7.5.6.tgz",
					"integrity": "sha512-6GLgCqo2cy2A2rjCNFlxQS6ZljG/coZfZXclldI8FB/1G3CCI36Zd8xy2HrFVACi8tfk5XrgLQEk+P0Tnz9UcA==",
					"requires": {}
				}
			}
		}
	}
}
