{
	"name": "@walletconnect/legacy-client",
	"version": "2.0.0-beta.101.1",
	"lockfileVersion": 2,
	"requires": true,
	"packages": {
		"": {
			"name": "@walletconnect/legacy-client",
			"version": "2.0.0-beta.101.1",
			"license": "Apache-2.0",
			"dependencies": {
				"@walletconnect/jsonrpc-utils": "^1.0.1"
			}
		},
		"../types": {
			"name": "@walletconnect/legacy-types",
			"version": "2.0.0-beta.101",
			"extraneous": true,
			"license": "Apache-2.0",
			"dependencies": {
				"@walletconnect/jsonrpc-types": "^1.0.0"
			}
		},
		"../utils": {
			"name": "@walletconnect/legacy-utils",
			"version": "2.0.0-beta.101",
			"extraneous": true,
			"license": "Apache-2.0",
			"dependencies": {
				"@walletconnect/jsonrpc-utils": "^1.0.1"
			}
		},
		"node_modules/@walletconnect/jsonrpc-utils": {
			"version": "1.0.3",
			"resolved": "https://registry.npmjs.org/@walletconnect/jsonrpc-utils/-/jsonrpc-utils-1.0.3.tgz",
			"integrity": "sha512-3yb49bPk16MNLk6uIIHPSHQCpD6UAo1OMOx1rM8cW/MPEAYAzrSW5hkhG7NEUwX9SokRIgnZK3QuQkiyNzBMhQ==",
			"dependencies": {
				"@walletconnect/environment": "^1.0.0",
				"@walletconnect/jsonrpc-types": "^1.0.1"
			}
		},
		"node_modules/@walletconnect/jsonrpc-utils/node_modules/@walletconnect/environment": {
			"version": "1.0.0",
			"resolved": "https://registry.npmjs.org/@walletconnect/environment/-/environment-1.0.0.tgz",
			"integrity": "sha512-4BwqyWy6KpSvkocSaV7WR3BlZfrxLbJSLkg+j7Gl6pTDE+U55lLhJvQaMuDVazXYxcjBsG09k7UlH7cGiUI5vQ=="
		},
		"node_modules/@walletconnect/jsonrpc-utils/node_modules/@walletconnect/jsonrpc-types": {
			"version": "1.0.1",
			"resolved": "https://registry.npmjs.org/@walletconnect/jsonrpc-types/-/jsonrpc-types-1.0.1.tgz",
			"integrity": "sha512-+6coTtOuChCqM+AoYyi4Q83p9l/laI6NvuM2/AHaZFuf0gT0NjW7IX2+86qGyizn7Ptq4AYZmfxurAxTnhefuw==",
			"dependencies": {
				"keyvaluestorage-interface": "^1.0.0"
			}
		},
		"node_modules/@walletconnect/jsonrpc-utils/node_modules/keyvaluestorage-interface": {
			"version": "1.0.0",
			"resolved": "https://registry.npmjs.org/keyvaluestorage-interface/-/keyvaluestorage-interface-1.0.0.tgz",
			"integrity": "sha512-8t6Q3TclQ4uZynJY9IGr2+SsIGwK9JHcO6ootkHCGA0CrQCRy+VkouYNO2xicET6b9al7QKzpebNow+gkpCL8g=="
		}
	},
	"dependencies": {
		"@walletconnect/jsonrpc-utils": {
			"version": "1.0.3",
			"resolved": "https://registry.npmjs.org/@walletconnect/jsonrpc-utils/-/jsonrpc-utils-1.0.3.tgz",
			"integrity": "sha512-3yb49bPk16MNLk6uIIHPSHQCpD6UAo1OMOx1rM8cW/MPEAYAzrSW5hkhG7NEUwX9SokRIgnZK3QuQkiyNzBMhQ==",
			"requires": {
				"@walletconnect/environment": "^1.0.0",
				"@walletconnect/jsonrpc-types": "^1.0.1"
			},
			"dependencies": {
				"@walletconnect/environment": {
					"version": "1.0.0",
					"resolved": "https://registry.npmjs.org/@walletconnect/environment/-/environment-1.0.0.tgz",
					"integrity": "sha512-4BwqyWy6KpSvkocSaV7WR3BlZfrxLbJSLkg+j7Gl6pTDE+U55lLhJvQaMuDVazXYxcjBsG09k7UlH7cGiUI5vQ=="
				},
				"@walletconnect/jsonrpc-types": {
					"version": "1.0.1",
					"resolved": "https://registry.npmjs.org/@walletconnect/jsonrpc-types/-/jsonrpc-types-1.0.1.tgz",
					"integrity": "sha512-+6coTtOuChCqM+AoYyi4Q83p9l/laI6NvuM2/AHaZFuf0gT0NjW7IX2+86qGyizn7Ptq4AYZmfxurAxTnhefuw==",
					"requires": {
						"keyvaluestorage-interface": "^1.0.0"
					}
				},
				"keyvaluestorage-interface": {
					"version": "1.0.0",
					"resolved": "https://registry.npmjs.org/keyvaluestorage-interface/-/keyvaluestorage-interface-1.0.0.tgz",
					"integrity": "sha512-8t6Q3TclQ4uZynJY9IGr2+SsIGwK9JHcO6ootkHCGA0CrQCRy+VkouYNO2xicET6b9al7QKzpebNow+gkpCL8g=="
				}
			}
		}
	}
}
