{
	"name": "@walletconnect/signer-connection",
	"version": "2.0.0-beta.101",
	"lockfileVersion": 2,
	"requires": true,
	"packages": {
		"": {
			"name": "@walletconnect/signer-connection",
			"version": "2.0.0-beta.101",
			"license": "Apache-2.0",
			"devDependencies": {
				"typescript": "^3.7.5"
			}
		},
		"../../packages/sign-client": {
			"name": "@walletconnect/sign-client",
			"version": "2.0.0-beta.101",
			"extraneous": true,
			"license": "Apache-2.0",
			"dependencies": {
				"@walletconnect/core": "^2.0.0-beta.101",
				"@walletconnect/encoding": "^1.0.1",
				"@walletconnect/events": "^1.0.0",
				"@walletconnect/heartbeat": "^1.0.0",
				"@walletconnect/jsonrpc-provider": "^1.0.3",
				"@walletconnect/jsonrpc-utils": "1.0.3",
				"@walletconnect/jsonrpc-ws-connection": "^1.0.0",
				"@walletconnect/keyvaluestorage": "^1.0.0",
				"@walletconnect/logger": "^1.0.0",
				"@walletconnect/relay-api": "1.0.4",
				"@walletconnect/safe-json": "^1.0.0",
				"@walletconnect/time": "^1.0.1",
				"@walletconnect/types": "^2.0.0-beta.101",
				"@walletconnect/utils": "^2.0.0-beta.101",
				"ws": "^8.3.0"
			},
			"devDependencies": {
				"@babel/cli": "^7.12.1",
				"@babel/core": "^7.12.3",
				"@babel/node": "^7.12.1",
				"@babel/polyfill": "^7.12.1",
				"@babel/preset-env": "^7.12.1",
				"@babel/preset-typescript": "^7.12.1",
				"@babel/register": "^7.12.1",
				"@types/chai": "^4.2.14",
				"@types/chai-as-promised": "^7.1.0",
				"@types/jest": "^22.2.3",
				"@types/mocha": "^8.0.4",
				"@types/node": "^14.14.2",
				"@types/pino": "^6.3.3",
				"@types/sinon": "^4.3.1",
				"@typescript-eslint/eslint-plugin": "^2.24.0",
				"@typescript-eslint/parser": "^2.24.0",
				"better-sqlite3": "7.5.3",
				"chai": "^4.2.0",
				"chai-as-promised": "^7.1.1",
				"core-js": "^3.6.5",
				"eslint": "^5.16.0",
				"eslint-config-prettier": "^6.10.0",
				"eslint-config-standard": "^12.0.0",
				"eslint-plugin-import": "^2.20.1",
				"eslint-plugin-node": "^9.2.0",
				"eslint-plugin-prettier": "^3.1.2",
				"eslint-plugin-promise": "^4.2.1",
				"eslint-plugin-react": "^7.19.0",
				"eslint-plugin-standard": "^4.0.1",
				"mocha": "^8.2.1",
				"npm-run-all": "^4.1.5",
				"prettier": "^1.19.1",
				"sinon": "^9.2.2",
				"ts-node": "^9.0.0",
				"typescript": "^3.7.5",
				"webpack": "^4.41.5",
				"webpack-cli": "^3.3.10"
			}
		},
		"../../packages/types": {
			"name": "@walletconnect/types",
			"version": "2.0.0-beta.101",
			"extraneous": true,
			"license": "Apache-2.0",
			"devDependencies": {
				"typescript": "^3.7.5"
			}
		},
		"../../packages/utils": {
			"name": "@walletconnect/utils",
			"version": "2.0.0-beta.101",
			"extraneous": true,
			"license": "Apache-2.0",
			"devDependencies": {
				"typescript": "^3.7.5"
			}
		},
		"node_modules/typescript": {
			"version": "3.9.10",
			"resolved": "https://registry.npmjs.org/typescript/-/typescript-3.9.10.tgz",
			"integrity": "sha512-w6fIxVE/H1PkLKcCPsFqKE7Kv7QUwhU8qQY2MueZXWx5cPZdwFupLgKK3vntcK98BtNHZtAF4LA/yl2a7k8R6Q==",
			"dev": true,
			"bin": {
				"tsc": "bin/tsc",
				"tsserver": "bin/tsserver"
			},
			"engines": {
				"node": ">=4.2.0"
			}
		}
	},
	"dependencies": {
		"typescript": {
			"version": "3.9.10",
			"resolved": "https://registry.npmjs.org/typescript/-/typescript-3.9.10.tgz",
			"integrity": "sha512-w6fIxVE/H1PkLKcCPsFqKE7Kv7QUwhU8qQY2MueZXWx5cPZdwFupLgKK3vntcK98BtNHZtAF4LA/yl2a7k8R6Q==",
			"dev": true
		}
	}
}
