{
  "name": "@walletconnect/relay-server",
  "version": "2.0.0-alpha.0",
  "lockfileVersion": 1,
  "requires": true,
  "dependencies": {
    "rpc-json-utils": {
      "version": "1.1.0",
      "resolved": "https://registry.npmjs.org/rpc-json-utils/-/rpc-json-utils-1.1.0.tgz",
      "integrity": "sha512-FWjEAvarm+NDSgIQiTjF9hsMVZ2XpbDEprKmpDbbSyCRY5v2f8icIHlsueDjWKB0qA6XuM4Svp9GJaG75ZNB8g==",
      "requires": {
        "rpc-payload-id": "^1.0.1"
      }
    },
    "rpc-payload-id": {
      "version": "1.0.1",
      "resolved": "https://registry.npmjs.org/rpc-payload-id/-/rpc-payload-id-1.0.1.tgz",
      "integrity": "sha512-InYLuEDfulQy7L1dHE/eLWkIQueBqXNW8ayo4IXfGGC8D5E4XZlyV4RalHOjf/+xLzf8ihXwNE2wbNcJ41LGsQ=="
    },
    "typescript": {
      "version": "3.9.7",
      "resolved": "https://registry.npmjs.org/typescript/-/typescript-3.9.7.tgz",
      "integrity": "sha512-BLbiRkiBzAwsjut4x/dsibSTB6yWpwT5qWmC2OfuCg3GgVQCSgMs4vEctYPhsaGtd0AeuuHMkjZ2h2WG8MSzRw==",
      "dev": true
    }
  }
}
