{
  "name": "@walletconnect/relay-server",
  "version": "2.0.0-alpha.0",
  "lockfileVersion": 1,
  "requires": true,
  "dependencies": {
    "bn.js": {
      "version": "4.11.8",
      "resolved": "https://registry.npmjs.org/bn.js/-/bn.js-4.11.8.tgz",
      "integrity": "sha512-ItfYfPLkWHUjckQCk8xC+LwxgK8NYcXywGigJgSwOP8Y2iyWT4f2vsZnoOXTTbo+o5yXmIUJ4gn5538SO5S3gA=="
    },
    "enc-utils": {
      "version": "2.2.2",
      "resolved": "https://registry.npmjs.org/enc-utils/-/enc-utils-2.2.2.tgz",
      "integrity": "sha512-gdWLQsnxYYhFRPrSCPrxsqX/4xXxAcb+63u65pdBBmCA/GKhGfZjXKKWse6UfMXc8Nlvz6jKPtRoCDhYo8Kiaw==",
      "requires": {
        "bn.js": "4.11.8",
        "is-typedarray": "1.0.0",
        "typedarray-to-buffer": "3.1.5"
      }
    },
    "is-typedarray": {
      "version": "1.0.0",
      "resolved": "https://registry.npmjs.org/is-typedarray/-/is-typedarray-1.0.0.tgz",
      "integrity": "sha1-5HnICFjfDBsR3dppQPlgEfzaSpo="
    },
    "typedarray-to-buffer": {
      "version": "3.1.5",
      "resolved": "https://registry.npmjs.org/typedarray-to-buffer/-/typedarray-to-buffer-3.1.5.tgz",
      "integrity": "sha512-zdu8XMNEDepKKR+XYOXAVPtWui0ly0NtohUscw+UmaHiAWT8hrV1rr//H6V+0DvJ3OQ19S979M0laLfX8rm82Q==",
      "requires": {
        "is-typedarray": "^1.0.0"
      }
    }
  }
}
